
Microsoft Visual Studio Solution File, Format Version 12.00
# Visual Studio 15
VisualStudioVersion = 15.0.28307.168
MinimumVisualStudioVersion = 10.0.40219.1
Project("{FAE04EC0-301F-11D3-BF4B-00C04F79EFBC}") = "UmbracoDemo", "UmbracoDemo\UmbracoDemo.csproj", "{BCBE891E-4CF5-4606-A997-F9FCDEDDFEF3}"
EndProject
Global
	GlobalSection(SolutionConfigurationPlatforms) = preSolution
		Debug|Any CPU = Debug|Any CPU
		Release|Any CPU = Release|Any CPU
	EndGlobalSection
	GlobalSection(ProjectConfigurationPlatforms) = postSolution
		{BCBE891E-4CF5-4606-A997-F9FCDEDDFEF3}.Debug|Any CPU.ActiveCfg = Debug|Any CPU
		{BCBE891E-4CF5-4606-A997-F9FCDEDDFEF3}.Debug|Any CPU.Build.0 = Debug|Any CPU
		{BCBE891E-4CF5-4606-A997-F9FCDEDDFEF3}.Release|Any CPU.ActiveCfg = Release|Any CPU
		{BCBE891E-4CF5-4606-A997-F9FCDEDDFEF3}.Release|Any CPU.Build.0 = Release|Any CPU
	EndGlobalSection
	GlobalSection(SolutionProperties) = preSolution
		HideSolutionNode = FALSE
	EndGlobalSection
	GlobalSection(ExtensibilityGlobals) = postSolution
		SolutionGuid = {E02B980D-BD2E-4837-BED2-6033D400EE13}
	EndGlobalSection
EndGlobal
